
Microsoft Visual Studio Solution File, Format Version 12.00
# Visual Studio Version 17
VisualStudioVersion = 17.0.31903.59
MinimumVisualStudioVersion = 10.0.40219.1
Project("{FAE04EC0-301F-11D3-BF4B-00C04F79EFBC}") = "TurnIntoKadyrov", "TurnIntoKadyrov\TurnIntoKadyrov.csproj", "{0731D117-C809-4ED3-9C38-274A9C808087}"
EndProject
Global
	GlobalSection(SolutionConfigurationPlatforms) = preSolution
		Debug|Any CPU = Debug|Any CPU
		Release|Any CPU = Release|Any CPU
	EndGlobalSection
	GlobalSection(ProjectConfigurationPlatforms) = postSolution
		{0731D117-C809-4ED3-9C38-274A9C808087}.Debug|Any CPU.ActiveCfg = Debug|Any CPU
		{0731D117-C809-4ED3-9C38-274A9C808087}.Debug|Any CPU.Build.0 = Debug|Any CPU
		{0731D117-C809-4ED3-9C38-274A9C808087}.Release|Any CPU.ActiveCfg = Release|Any CPU
		{0731D117-C809-4ED3-9C38-274A9C808087}.Release|Any CPU.Build.0 = Release|Any CPU
	EndGlobalSection
	GlobalSection(SolutionProperties) = preSolution
		HideSolutionNode = FALSE
	EndGlobalSection
	GlobalSection(ExtensibilityGlobals) = postSolution
		SolutionGuid = {5C0F97A6-CEA1-453C-B262-7149D0B781E0}
	EndGlobalSection
EndGlobal
